
Microsoft Visual Studio Solution File, Format Version 12.00
# Visual Studio Version 17
VisualStudioVersion = 17.2.32526.322
MinimumVisualStudioVersion = 10.0.40219.1
Project("{9A19103F-16F7-4668-BE54-9A1E7A4F7556}") = "Entities", "Entities\Entities.csproj", "{FC152F19-1016-4348-96F4-C714F60109E3}"
EndProject
Project("{9A19103F-16F7-4668-BE54-9A1E7A4F7556}") = "DataAccess", "DataAccess\DataAccess.csproj", "{7DAD0454-3D16-4BB4-9DCC-CC44F128055B}"
EndProject
Project("{9A19103F-16F7-4668-BE54-9A1E7A4F7556}") = "Business", "Business\Business.csproj", "{44EC25BD-3E77-46FA-A3F2-B8E5AB3A5EE1}"
EndProject
Project("{9A19103F-16F7-4668-BE54-9A1E7A4F7556}") = "ConsoleUI", "ConsoleUI\ConsoleUI.csproj", "{BECF8F29-F435-4F15-B1FD-4D196B59C4CA}"
EndProject
Project("{FAE04EC0-301F-11D3-BF4B-00C04F79EFBC}") = "Core", "Core\Core.csproj", "{263DCE2A-A00B-4C73-ACE1-A7E840C70553}"
EndProject
Global
	GlobalSection(SolutionConfigurationPlatforms) = preSolution
		Debug|Any CPU = Debug|Any CPU
		Release|Any CPU = Release|Any CPU
	EndGlobalSection
	GlobalSection(ProjectConfigurationPlatforms) = postSolution
		{FC152F19-1016-4348-96F4-C714F60109E3}.Debug|Any CPU.ActiveCfg = Debug|Any CPU
		{FC152F19-1016-4348-96F4-C714F60109E3}.Debug|Any CPU.Build.0 = Debug|Any CPU
		{FC152F19-1016-4348-96F4-C714F60109E3}.Release|Any CPU.ActiveCfg = Release|Any CPU
		{FC152F19-1016-4348-96F4-C714F60109E3}.Release|Any CPU.Build.0 = Release|Any CPU
		{7DAD0454-3D16-4BB4-9DCC-CC44F128055B}.Debug|Any CPU.ActiveCfg = Debug|Any CPU
		{7DAD0454-3D16-4BB4-9DCC-CC44F128055B}.Debug|Any CPU.Build.0 = Debug|Any CPU
		{7DAD0454-3D16-4BB4-9DCC-CC44F128055B}.Release|Any CPU.ActiveCfg = Release|Any CPU
		{7DAD0454-3D16-4BB4-9DCC-CC44F128055B}.Release|Any CPU.Build.0 = Release|Any CPU
		{44EC25BD-3E77-46FA-A3F2-B8E5AB3A5EE1}.Debug|Any CPU.ActiveCfg = Debug|Any CPU
		{44EC25BD-3E77-46FA-A3F2-B8E5AB3A5EE1}.Debug|Any CPU.Build.0 = Debug|Any CPU
		{44EC25BD-3E77-46FA-A3F2-B8E5AB3A5EE1}.Release|Any CPU.ActiveCfg = Release|Any CPU
		{44EC25BD-3E77-46FA-A3F2-B8E5AB3A5EE1}.Release|Any CPU.Build.0 = Release|Any CPU
		{BECF8F29-F435-4F15-B1FD-4D196B59C4CA}.Debug|Any CPU.ActiveCfg = Debug|Any CPU
		{BECF8F29-F435-4F15-B1FD-4D196B59C4CA}.Debug|Any CPU.Build.0 = Debug|Any CPU
		{BECF8F29-F435-4F15-B1FD-4D196B59C4CA}.Release|Any CPU.ActiveCfg = Release|Any CPU
		{BECF8F29-F435-4F15-B1FD-4D196B59C4CA}.Release|Any CPU.Build.0 = Release|Any CPU
		{263DCE2A-A00B-4C73-ACE1-A7E840C70553}.Debug|Any CPU.ActiveCfg = Debug|Any CPU
		{263DCE2A-A00B-4C73-ACE1-A7E840C70553}.Debug|Any CPU.Build.0 = Debug|Any CPU
		{263DCE2A-A00B-4C73-ACE1-A7E840C70553}.Release|Any CPU.ActiveCfg = Release|Any CPU
		{263DCE2A-A00B-4C73-ACE1-A7E840C70553}.Release|Any CPU.Build.0 = Release|Any CPU
	EndGlobalSection
	GlobalSection(SolutionProperties) = preSolution
		HideSolutionNode = FALSE
	EndGlobalSection
	GlobalSection(ExtensibilityGlobals) = postSolution
		SolutionGuid = {4EC5B394-9E0C-4921-81E4-D251788F2501}
	EndGlobalSection
EndGlobal
